// !$*UTF8*$!
{
	archiveVersion = 1;
	classes = {
	};
	objectVersion = 55;
	objects = {

/* Begin PBXBuildFile section */
		C639880E2858050400ED5BD4 /* Challange6App.swift in Sources */ = {isa = PBXBuildFile; fileRef = C639880D2858050400ED5BD4 /* Challange6App.swift */; };
		C63988102858050400ED5BD4 /* ContentView.swift in Sources */ = {isa = PBXBuildFile; fileRef = C639880F2858050400ED5BD4 /* ContentView.swift */; };
		C63988122858050600ED5BD4 /* Assets.xcassets in Resources */ = {isa = PBXBuildFile; fileRef = C63988112858050600ED5BD4 /* Assets.xcassets */; };
		C63988152858050600ED5BD4 /* Preview Assets.xcassets in Resources */ = {isa = PBXBuildFile; fileRef = C63988142858050600ED5BD4 /* Preview Assets.xcassets */; };
		C639881C2858052400ED5BD4 /* ImagePicker.swift in Sources */ = {isa = PBXBuildFile; fileRef = C639881B2858052300ED5BD4 /* ImagePicker.swift */; };
		C639881E2858072600ED5BD4 /* ContentView-ViewModel.swift in Sources */ = {isa = PBXBuildFile; fileRef = C639881D2858072600ED5BD4 /* ContentView-ViewModel.swift */; };
		C6DAD26228580D0900C6BFA1 /* Person.swift in Sources */ = {isa = PBXBuildFile; fileRef = C6DAD26128580D0900C6BFA1 /* Person.swift */; };
		C6DAD26428580D5A00C6BFA1 /* AddPersonView.swift in Sources */ = {isa = PBXBuildFile; fileRef = C6DAD26328580D5A00C6BFA1 /* AddPersonView.swift */; };
		C6DAD26628580D6800C6BFA1 /* AddPersonView-ViewModel.swift in Sources */ = {isa = PBXBuildFile; fileRef = C6DAD26528580D6800C6BFA1 /* AddPersonView-ViewModel.swift */; };
		C6DAD2682858110400C6BFA1 /* FileManager-DocumentsDirectory.swift in Sources */ = {isa = PBXBuildFile; fileRef = C6DAD2672858110400C6BFA1 /* FileManager-DocumentsDirectory.swift */; };
		C6DAD26C285831BE00C6BFA1 /* PersonDetailView.swift in Sources */ = {isa = PBXBuildFile; fileRef = C6DAD26B285831BE00C6BFA1 /* PersonDetailView.swift */; };
		C6DAD27028584CF300C6BFA1 /* CLLocationCoordinate2D-Apple.swift in Sources */ = {isa = PBXBuildFile; fileRef = C6DAD26F28584CF300C6BFA1 /* CLLocationCoordinate2D-Apple.swift */; };
		C6DAD2722858529C00C6BFA1 /* LocationFetcher.swift in Sources */ = {isa = PBXBuildFile; fileRef = C6DAD2712858529C00C6BFA1 /* LocationFetcher.swift */; };
/* End PBXBuildFile section */

/* Begin PBXFileReference section */
		C639880A2858050400ED5BD4 /* Challange6.app */ = {isa = PBXFileReference; explicitFileType = wrapper.application; includeInIndex = 0; path = Challange6.app; sourceTree = BUILT_PRODUCTS_DIR; };
		C639880D2858050400ED5BD4 /* Challange6App.swift */ = {isa = PBXFileReference; lastKnownFileType = sourcecode.swift; path = Challange6App.swift; sourceTree = "<group>"; };
		C639880F2858050400ED5BD4 /* ContentView.swift */ = {isa = PBXFileReference; lastKnownFileType = sourcecode.swift; path = ContentView.swift; sourceTree = "<group>"; };
		C63988112858050600ED5BD4 /* Assets.xcassets */ = {isa = PBXFileReference; lastKnownFileType = folder.assetcatalog; path = Assets.xcassets; sourceTree = "<group>"; };
		C63988142858050600ED5BD4 /* Preview Assets.xcassets */ = {isa = PBXFileReference; lastKnownFileType = folder.assetcatalog; path = "Preview Assets.xcassets"; sourceTree = "<group>"; };
		C639881B2858052300ED5BD4 /* ImagePicker.swift */ = {isa = PBXFileReference; lastKnownFileType = sourcecode.swift; path = ImagePicker.swift; sourceTree = "<group>"; };
		C639881D2858072600ED5BD4 /* ContentView-ViewModel.swift */ = {isa = PBXFileReference; lastKnownFileType = sourcecode.swift; path = "ContentView-ViewModel.swift"; sourceTree = "<group>"; };
		C6DAD26128580D0900C6BFA1 /* Person.swift */ = {isa = PBXFileReference; lastKnownFileType = sourcecode.swift; path = Person.swift; sourceTree = "<group>"; };
		C6DAD26328580D5A00C6BFA1 /* AddPersonView.swift */ = {isa = PBXFileReference; lastKnownFileType = sourcecode.swift; path = AddPersonView.swift; sourceTree = "<group>"; };
		C6DAD26528580D6800C6BFA1 /* AddPersonView-ViewModel.swift */ = {isa = PBXFileReference; lastKnownFileType = sourcecode.swift; path = "AddPersonView-ViewModel.swift"; sourceTree = "<group>"; };
		C6DAD2672858110400C6BFA1 /* FileManager-DocumentsDirectory.swift */ = {isa = PBXFileReference; fileEncoding = 4; lastKnownFileType = sourcecode.swift; path = "FileManager-DocumentsDirectory.swift"; sourceTree = "<group>"; };
		C6DAD26B285831BE00C6BFA1 /* PersonDetailView.swift */ = {isa = PBXFileReference; lastKnownFileType = sourcecode.swift; path = PersonDetailView.swift; sourceTree = "<group>"; };
		C6DAD26F28584CF300C6BFA1 /* CLLocationCoordinate2D-Apple.swift */ = {isa = PBXFileReference; lastKnownFileType = sourcecode.swift; path = "CLLocationCoordinate2D-Apple.swift"; sourceTree = "<group>"; };
		C6DAD2712858529C00C6BFA1 /* LocationFetcher.swift */ = {isa = PBXFileReference; lastKnownFileType = sourcecode.swift; path = LocationFetcher.swift; sourceTree = "<group>"; };
/* End PBXFileReference section */

/* Begin PBXFrameworksBuildPhase section */
		C63988072858050400ED5BD4 /* Frameworks */ = {
			isa = PBXFrameworksBuildPhase;
			buildActionMask = 2147483647;
			files = (
			);
			runOnlyForDeploymentPostprocessing = 0;
		};
/* End PBXFrameworksBuildPhase section */

/* Begin PBXGroup section */
		C63988012858050400ED5BD4 = {
			isa = PBXGroup;
			children = (
				C639880C2858050400ED5BD4 /* Challange6 */,
				C639880B2858050400ED5BD4 /* Products */,
			);
			sourceTree = "<group>";
		};
		C639880B2858050400ED5BD4 /* Products */ = {
			isa = PBXGroup;
			children = (
				C639880A2858050400ED5BD4 /* Challange6.app */,
			);
			name = Products;
			sourceTree = "<group>";
		};
		C639880C2858050400ED5BD4 /* Challange6 */ = {
			isa = PBXGroup;
			children = (
				C639880D2858050400ED5BD4 /* Challange6App.swift */,
				C639880F2858050400ED5BD4 /* ContentView.swift */,
				C639881D2858072600ED5BD4 /* ContentView-ViewModel.swift */,
				C6DAD26328580D5A00C6BFA1 /* AddPersonView.swift */,
				C6DAD26528580D6800C6BFA1 /* AddPersonView-ViewModel.swift */,
				C6DAD26B285831BE00C6BFA1 /* PersonDetailView.swift */,
				C639881B2858052300ED5BD4 /* ImagePicker.swift */,
				C6DAD26128580D0900C6BFA1 /* Person.swift */,
				C6DAD2712858529C00C6BFA1 /* LocationFetcher.swift */,
				C6DAD2672858110400C6BFA1 /* FileManager-DocumentsDirectory.swift */,
				C6DAD26F28584CF300C6BFA1 /* CLLocationCoordinate2D-Apple.swift */,
				C63988112858050600ED5BD4 /* Assets.xcassets */,
				C63988132858050600ED5BD4 /* Preview Content */,
			);
			path = Challange6;
			sourceTree = "<group>";
		};
		C63988132858050600ED5BD4 /* Preview Content */ = {
			isa = PBXGroup;
			children = (
				C63988142858050600ED5BD4 /* Preview Assets.xcassets */,
			);
			path = "Preview Content";
			sourceTree = "<group>";
		};
/* End PBXGroup section */

/* Begin PBXNativeTarget section */
		C63988092858050400ED5BD4 /* Challange6 */ = {
			isa = PBXNativeTarget;
			buildConfigurationList = C63988182858050600ED5BD4 /* Build configuration list for PBXNativeTarget "Challange6" */;
			buildPhases = (
				C63988062858050400ED5BD4 /* Sources */,
				C63988072858050400ED5BD4 /* Frameworks */,
				C63988082858050400ED5BD4 /* Resources */,
			);
			buildRules = (
			);
			dependencies = (
			);
			name = Challange6;
			productName = Challange6;
			productReference = C639880A2858050400ED5BD4 /* Challange6.app */;
			productType = "com.apple.product-type.application";
		};
/* End PBXNativeTarget section */

/* Begin PBXProject section */
		C63988022858050400ED5BD4 /* Project object */ = {
			isa = PBXProject;
			attributes = {
				BuildIndependentTargetsInParallel = 1;
				LastSwiftUpdateCheck = 1340;
				LastUpgradeCheck = 1340;
				TargetAttributes = {
					C63988092858050400ED5BD4 = {
						CreatedOnToolsVersion = 13.4.1;
					};
				};
			};
			buildConfigurationList = C63988052858050400ED5BD4 /* Build configuration list for PBXProject "Challange6" */;
			compatibilityVersion = "Xcode 13.0";
			developmentRegion = en;
			hasScannedForEncodings = 0;
			knownRegions = (
				en,
				Base,
			);
			mainGroup = C63988012858050400ED5BD4;
			productRefGroup = C639880B2858050400ED5BD4 /* Products */;
			projectDirPath = "";
			projectRoot = "";
			targets = (
				C63988092858050400ED5BD4 /* Challange6 */,
			);
		};
/* End PBXProject section */

/* Begin PBXResourcesBuildPhase section */
		C63988082858050400ED5BD4 /* Resources */ = {
			isa = PBXResourcesBuildPhase;
			buildActionMask = 2147483647;
			files = (
				C63988152858050600ED5BD4 /* Preview Assets.xcassets in Resources */,
				C63988122858050600ED5BD4 /* Assets.xcassets in Resources */,
			);
			runOnlyForDeploymentPostprocessing = 0;
		};
/* End PBXResourcesBuildPhase section */

/* Begin PBXSourcesBuildPhase section */
		C63988062858050400ED5BD4 /* Sources */ = {
			isa = PBXSourcesBuildPhase;
			buildActionMask = 2147483647;
			files = (
				C6DAD26228580D0900C6BFA1 /* Person.swift in Sources */,
				C639881C2858052400ED5BD4 /* ImagePicker.swift in Sources */,
				C6DAD26428580D5A00C6BFA1 /* AddPersonView.swift in Sources */,
				C639881E2858072600ED5BD4 /* ContentView-ViewModel.swift in Sources */,
				C6DAD2722858529C00C6BFA1 /* LocationFetcher.swift in Sources */,
				C6DAD26C285831BE00C6BFA1 /* PersonDetailView.swift in Sources */,
				C6DAD26628580D6800C6BFA1 /* AddPersonView-ViewModel.swift in Sources */,
				C63988102858050400ED5BD4 /* ContentView.swift in Sources */,
				C6DAD2682858110400C6BFA1 /* FileManager-DocumentsDirectory.swift in Sources */,
				C6DAD27028584CF300C6BFA1 /* CLLocationCoordinate2D-Apple.swift in Sources */,
				C639880E2858050400ED5BD4 /* Challange6App.swift in Sources */,
			);
			runOnlyForDeploymentPostprocessing = 0;
		};
/* End PBXSourcesBuildPhase section */

/* Begin XCBuildConfiguration section */
		C63988162858050600ED5BD4 /* Debug */ = {
			isa = XCBuildConfiguration;
			buildSettings = {
				ALWAYS_SEARCH_USER_PATHS = NO;
				CLANG_ANALYZER_NONNULL = YES;
				CLANG_ANALYZER_NUMBER_OBJECT_CONVERSION = YES_AGGRESSIVE;
				CLANG_CXX_LANGUAGE_STANDARD = "gnu++17";
				CLANG_ENABLE_MODULES = YES;
				CLANG_ENABLE_OBJC_ARC = YES;
				CLANG_ENABLE_OBJC_WEAK = YES;
				CLANG_WARN_BLOCK_CAPTURE_AUTORELEASING = YES;
				CLANG_WARN_BOOL_CONVERSION = YES;
				CLANG_WARN_COMMA = YES;
				CLANG_WARN_CONSTANT_CONVERSION = YES;
				CLANG_WARN_DEPRECATED_OBJC_IMPLEMENTATIONS = YES;
				CLANG_WARN_DIRECT_OBJC_ISA_USAGE = YES_ERROR;
				CLANG_WARN_DOCUMENTATION_COMMENTS = YES;
				CLANG_WARN_EMPTY_BODY = YES;
				CLANG_WARN_ENUM_CONVERSION = YES;
				CLANG_WARN_INFINITE_RECURSION = YES;
				CLANG_WARN_INT_CONVERSION = YES;
				CLANG_WARN_NON_LITERAL_NULL_CONVERSION = YES;
				CLANG_WARN_OBJC_IMPLICIT_RETAIN_SELF = YES;
				CLANG_WARN_OBJC_LITERAL_CONVERSION = YES;
				CLANG_WARN_OBJC_ROOT_CLASS = YES_ERROR;
				CLANG_WARN_QUOTED_INCLUDE_IN_FRAMEWORK_HEADER = YES;
				CLANG_WARN_RANGE_LOOP_ANALYSIS = YES;
				CLANG_WARN_STRICT_PROTOTYPES = YES;
				CLANG_WARN_SUSPICIOUS_MOVE = YES;
				CLANG_WARN_UNGUARDED_AVAILABILITY = YES_AGGRESSIVE;
				CLANG_WARN_UNREACHABLE_CODE = YES;
				CLANG_WARN__DUPLICATE_METHOD_MATCH = YES;
				COPY_PHASE_STRIP = NO;
				DEBUG_INFORMATION_FORMAT = dwarf;
				ENABLE_STRICT_OBJC_MSGSEND = YES;
				ENABLE_TESTABILITY = YES;
				GCC_C_LANGUAGE_STANDARD = gnu11;
				GCC_DYNAMIC_NO_PIC = NO;
				GCC_NO_COMMON_BLOCKS = YES;
				GCC_OPTIMIZATION_LEVEL = 0;
				GCC_PREPROCESSOR_DEFINITIONS = (
					"DEBUG=1",
					"$(inherited)",
				);
				GCC_WARN_64_TO_32_BIT_CONVERSION = YES;
				GCC_WARN_ABOUT_RETURN_TYPE = YES_ERROR;
				GCC_WARN_UNDECLARED_SELECTOR = YES;
				GCC_WARN_UNINITIALIZED_AUTOS = YES_AGGRESSIVE;
				GCC_WARN_UNUSED_FUNCTION = YES;
				GCC_WARN_UNUSED_VARIABLE = YES;
				IPHONEOS_DEPLOYMENT_TARGET = 15.5;
				MTL_ENABLE_DEBUG_INFO = INCLUDE_SOURCE;
				MTL_FAST_MATH = YES;
				ONLY_ACTIVE_ARCH = YES;
				SDKROOT = iphoneos;
				SWIFT_ACTIVE_COMPILATION_CONDITIONS = DEBUG;
				SWIFT_OPTIMIZATION_LEVEL = "-Onone";
			};
			name = Debug;
		};
		C63988172858050600ED5BD4 /* Release */ = {
			isa = XCBuildConfiguration;
			buildSettings = {
				ALWAYS_SEARCH_USER_PATHS = NO;
				CLANG_ANALYZER_NONNULL = YES;
				CLANG_ANALYZER_NUMBER_OBJECT_CONVERSION = YES_AGGRESSIVE;
				CLANG_CXX_LANGUAGE_STANDARD = "gnu++17";
				CLANG_ENABLE_MODULES = YES;
				CLANG_ENABLE_OBJC_ARC = YES;
				CLANG_ENABLE_OBJC_WEAK = YES;
				CLANG_WARN_BLOCK_CAPTURE_AUTORELEASING = YES;
				CLANG_WARN_BOOL_CONVERSION = YES;
				CLANG_WARN_COMMA = YES;
				CLANG_WARN_CONSTANT_CONVERSION = YES;
				CLANG_WARN_DEPRECATED_OBJC_IMPLEMENTATIONS = YES;
				CLANG_WARN_DIRECT_OBJC_ISA_USAGE = YES_ERROR;
				CLANG_WARN_DOCUMENTATION_COMMENTS = YES;
				CLANG_WARN_EMPTY_BODY = YES;
				CLANG_WARN_ENUM_CONVERSION = YES;
				CLANG_WARN_INFINITE_RECURSION = YES;
				CLANG_WARN_INT_CONVERSION = YES;
				CLANG_WARN_NON_LITERAL_NULL_CONVERSION = YES;
				CLANG_WARN_OBJC_IMPLICIT_RETAIN_SELF = YES;
				CLANG_WARN_OBJC_LITERAL_CONVERSION = YES;
				CLANG_WARN_OBJC_ROOT_CLASS = YES_ERROR;
				CLANG_WARN_QUOTED_INCLUDE_IN_FRAMEWORK_HEADER = YES;
				CLANG_WARN_RANGE_LOOP_ANALYSIS = YES;
				CLANG_WARN_STRICT_PROTOTYPES = YES;
				CLANG_WARN_SUSPICIOUS_MOVE = YES;
				CLANG_WARN_UNGUARDED_AVAILABILITY = YES_AGGRESSIVE;
				CLANG_WARN_UNREACHABLE_CODE = YES;
				CLANG_WARN__DUPLICATE_METHOD_MATCH = YES;
				COPY_PHASE_STRIP = NO;
				DEBUG_INFORMATION_FORMAT = "dwarf-with-dsym";
				ENABLE_NS_ASSERTIONS = NO;
				ENABLE_STRICT_OBJC_MSGSEND = YES;
				GCC_C_LANGUAGE_STANDARD = gnu11;
				GCC_NO_COMMON_BLOCKS = YES;
				GCC_WARN_64_TO_32_BIT_CONVERSION = YES;
				GCC_WARN_ABOUT_RETURN_TYPE = YES_ERROR;
				GCC_WARN_UNDECLARED_SELECTOR = YES;
				GCC_WARN_UNINITIALIZED_AUTOS = YES_AGGRESSIVE;
				GCC_WARN_UNUSED_FUNCTION = YES;
				GCC_WARN_UNUSED_VARIABLE = YES;
				IPHONEOS_DEPLOYMENT_TARGET = 15.5;
				MTL_ENABLE_DEBUG_INFO = NO;
				MTL_FAST_MATH = YES;
				SDKROOT = iphoneos;
				SWIFT_COMPILATION_MODE = wholemodule;
				SWIFT_OPTIMIZATION_LEVEL = "-O";
				VALIDATE_PRODUCT = YES;
			};
			name = Release;
		};
		C63988192858050600ED5BD4 /* Debug */ = {
			isa = XCBuildConfiguration;
			buildSettings = {
				ASSETCATALOG_COMPILER_APPICON_NAME = AppIcon;
				ASSETCATALOG_COMPILER_GLOBAL_ACCENT_COLOR_NAME = AccentColor;
				CODE_SIGN_STYLE = Automatic;
				CURRENT_PROJECT_VERSION = 1;
				DEVELOPMENT_ASSET_PATHS = "\"Challange6/Preview Content\"";
				DEVELOPMENT_TEAM = 88P2J4QHGU;
				ENABLE_PREVIEWS = YES;
				GENERATE_INFOPLIST_FILE = YES;
				INFOPLIST_KEY_NSLocationWhenInUseUsageDescription = "To start the location off where you are";
				INFOPLIST_KEY_UIApplicationSceneManifest_Generation = YES;
				INFOPLIST_KEY_UIApplicationSupportsIndirectInputEvents = YES;
				INFOPLIST_KEY_UILaunchScreen_Generation = YES;
				INFOPLIST_KEY_UISupportedInterfaceOrientations_iPad = "UIInterfaceOrientationPortrait UIInterfaceOrientationPortraitUpsideDown UIInterfaceOrientationLandscapeLeft UIInterfaceOrientationLandscapeRight";
				INFOPLIST_KEY_UISupportedInterfaceOrientations_iPhone = "UIInterfaceOrientationPortrait UIInterfaceOrientationLandscapeLeft UIInterfaceOrientationLandscapeRight";
				LD_RUNPATH_SEARCH_PATHS = (
					"$(inherited)",
					"@executable_path/Frameworks",
				);
				MARKETING_VERSION = 1.0;
				PRODUCT_BUNDLE_IDENTIFIER = dev.omeravital.Challange6;
				PRODUCT_NAME = "$(TARGET_NAME)";
				SWIFT_EMIT_LOC_STRINGS = YES;
				SWIFT_VERSION = 5.0;
				TARGETED_DEVICE_FAMILY = "1,2";
			};
			name = Debug;
		};
		C639881A2858050600ED5BD4 /* Release */ = {
			isa = XCBuildConfiguration;
			buildSettings = {
				ASSETCATALOG_COMPILER_APPICON_NAME = AppIcon;
				ASSETCATALOG_COMPILER_GLOBAL_ACCENT_COLOR_NAME = AccentColor;
				CODE_SIGN_STYLE = Automatic;
				CURRENT_PROJECT_VERSION = 1;
				DEVELOPMENT_ASSET_PATHS = "\"Challange6/Preview Content\"";
				DEVELOPMENT_TEAM = 88P2J4QHGU;
				ENABLE_PREVIEWS = YES;
				GENERATE_INFOPLIST_FILE = YES;
				INFOPLIST_KEY_NSLocationWhenInUseUsageDescription = "To start the location off where you are";
				INFOPLIST_KEY_UIApplicationSceneManifest_Generation = YES;
				INFOPLIST_KEY_UIApplicationSupportsIndirectInputEvents = YES;
				INFOPLIST_KEY_UILaunchScreen_Generation = YES;
				INFOPLIST_KEY_UISupportedInterfaceOrientations_iPad = "UIInterfaceOrientationPortrait UIInterfaceOrientationPortraitUpsideDown UIInterfaceOrientationLandscapeLeft UIInterfaceOrientationLandscapeRight";
				INFOPLIST_KEY_UISupportedInterfaceOrientations_iPhone = "UIInterfaceOrientationPortrait UIInterfaceOrientationLandscapeLeft UIInterfaceOrientationLandscapeRight";
				LD_RUNPATH_SEARCH_PATHS = (
					"$(inherited)",
					"@executable_path/Frameworks",
				);
				MARKETING_VERSION = 1.0;
				PRODUCT_BUNDLE_IDENTIFIER = dev.omeravital.Challange6;
				PRODUCT_NAME = "$(TARGET_NAME)";
				SWIFT_EMIT_LOC_STRINGS = YES;
				SWIFT_VERSION = 5.0;
				TARGETED_DEVICE_FAMILY = "1,2";
			};
			name = Release;
		};
/* End XCBuildConfiguration section */

/* Begin XCConfigurationList section */
		C63988052858050400ED5BD4 /* Build configuration list for PBXProject "Challange6" */ = {
			isa = XCConfigurationList;
			buildConfigurations = (
				C63988162858050600ED5BD4 /* Debug */,
				C63988172858050600ED5BD4 /* Release */,
			);
			defaultConfigurationIsVisible = 0;
			defaultConfigurationName = Release;
		};
		C63988182858050600ED5BD4 /* Build configuration list for PBXNativeTarget "Challange6" */ = {
			isa = XCConfigurationList;
			buildConfigurations = (
				C63988192858050600ED5BD4 /* Debug */,
				C639881A2858050600ED5BD4 /* Release */,
			);
			defaultConfigurationIsVisible = 0;
			defaultConfigurationName = Release;
		};
/* End XCConfigurationList section */
	};
	rootObject = C63988022858050400ED5BD4 /* Project object */;
}
